dependencies:
- name: heapster
  repository: https://kubernetes-charts.storage.googleapis.com/
  version: 0.2.4
- name: kube-state-metrics
  repository: https://kubernetes-charts.storage.googleapis.com/
  version: 0.5.1
- name: nginx-ingress
  repository: https://kubernetes-charts.storage.googleapis.com/
  version: 0.8.23
digest: sha256:a28d337d292f3223f591990cb78c8a988fa4126d8d68fb4cb933e78f216ca44d
generated: 2018-01-10T03:40:48.488910936-06:00
